
Microsoft Visual Studio Solution File, Format Version 12.00
# Visual Studio Version 16
VisualStudioVersion = 16.0.29020.237
MinimumVisualStudioVersion = 10.0.40219.1
Project("{FAE04EC0-301F-11D3-BF4B-00C04F79EFBC}") = "globalpayments", "globalpayments.csproj", "{B96FE9F3-CF16-4CD4-B46E-7A0A819FC128}"
EndProject
Project("{9A19103F-16F7-4668-BE54-9A1E7A4F7556}") = "GlobalPayments.Api", "..\dotnet-sdk\src\GlobalPayments.Api\GlobalPayments.Api.csproj", "{87A147AF-CDEC-4F73-B645-E0B511036B44}"
EndProject
Global
	GlobalSection(SolutionConfigurationPlatforms) = preSolution
		Debug|Any CPU = Debug|Any CPU
		Release|Any CPU = Release|Any CPU
	EndGlobalSection
	GlobalSection(ProjectConfigurationPlatforms) = postSolution
		{B96FE9F3-CF16-4CD4-B46E-7A0A819FC128}.Debug|Any CPU.ActiveCfg = Debug|Any CPU
		{B96FE9F3-CF16-4CD4-B46E-7A0A819FC128}.Debug|Any CPU.Build.0 = Debug|Any CPU
		{B96FE9F3-CF16-4CD4-B46E-7A0A819FC128}.Release|Any CPU.ActiveCfg = Release|Any CPU
		{B96FE9F3-CF16-4CD4-B46E-7A0A819FC128}.Release|Any CPU.Build.0 = Release|Any CPU
		{87A147AF-CDEC-4F73-B645-E0B511036B44}.Debug|Any CPU.ActiveCfg = Debug|Any CPU
		{87A147AF-CDEC-4F73-B645-E0B511036B44}.Debug|Any CPU.Build.0 = Debug|Any CPU
		{87A147AF-CDEC-4F73-B645-E0B511036B44}.Release|Any CPU.ActiveCfg = Release|Any CPU
		{87A147AF-CDEC-4F73-B645-E0B511036B44}.Release|Any CPU.Build.0 = Release|Any CPU
	EndGlobalSection
	GlobalSection(SolutionProperties) = preSolution
		HideSolutionNode = FALSE
	EndGlobalSection
	GlobalSection(ExtensibilityGlobals) = postSolution
		SolutionGuid = {15146B66-07A2-464D-BCF5-B786F58AF99F}
	EndGlobalSection
EndGlobal
